
Microsoft Visual Studio Solution File, Format Version 12.00
# Visual Studio 15
VisualStudioVersion = 15.0.28307.106
MinimumVisualStudioVersion = 10.0.40219.1
Project("{2150E333-8FDC-42A3-9474-1A3956D46DE8}") = "Web", "Web", "{066F39AE-B4EC-4785-8F19-C8A62DA9F889}"
EndProject
Project("{9A19103F-16F7-4668-BE54-9A1E7A4F7556}") = "ColorMix.Web", "Web\ColorMix.Web\ColorMix.Web.csproj", "{B5D05527-E09C-4C1B-A122-FEFBB86940CC}"
EndProject
Project("{2150E333-8FDC-42A3-9474-1A3956D46DE8}") = "Data", "Data", "{7B1E2795-D462-414A-A4DE-47DF36A52C7E}"
EndProject
Project("{9A19103F-16F7-4668-BE54-9A1E7A4F7556}") = "ColorMix.Data", "Data\ColorMix.Data\ColorMix.Data.csproj", "{3C99D7CE-070C-468F-95DE-4788DAACF0F0}"
EndProject
Project("{9A19103F-16F7-4668-BE54-9A1E7A4F7556}") = "ColorMix.Data.Models", "Data\ColorMix.Data.Models\ColorMix.Data.Models.csproj", "{87AED49C-2ADB-416A-B576-E332E964DD6F}"
EndProject
Project("{2150E333-8FDC-42A3-9474-1A3956D46DE8}") = "Tests", "Tests", "{0589688B-7DF4-4740-8660-789F053207EA}"
EndProject
Project("{FAE04EC0-301F-11D3-BF4B-00C04F79EFBC}") = "SandBox", "SandBox\SandBox.csproj", "{E5270BC0-081D-4BD4-903C-91DA047ED693}"
EndProject
Global
	GlobalSection(SolutionConfigurationPlatforms) = preSolution
		Debug|Any CPU = Debug|Any CPU
		Release|Any CPU = Release|Any CPU
	EndGlobalSection
	GlobalSection(ProjectConfigurationPlatforms) = postSolution
		{B5D05527-E09C-4C1B-A122-FEFBB86940CC}.Debug|Any CPU.ActiveCfg = Debug|Any CPU
		{B5D05527-E09C-4C1B-A122-FEFBB86940CC}.Debug|Any CPU.Build.0 = Debug|Any CPU
		{B5D05527-E09C-4C1B-A122-FEFBB86940CC}.Release|Any CPU.ActiveCfg = Release|Any CPU
		{B5D05527-E09C-4C1B-A122-FEFBB86940CC}.Release|Any CPU.Build.0 = Release|Any CPU
		{3C99D7CE-070C-468F-95DE-4788DAACF0F0}.Debug|Any CPU.ActiveCfg = Debug|Any CPU
		{3C99D7CE-070C-468F-95DE-4788DAACF0F0}.Debug|Any CPU.Build.0 = Debug|Any CPU
		{3C99D7CE-070C-468F-95DE-4788DAACF0F0}.Release|Any CPU.ActiveCfg = Release|Any CPU
		{3C99D7CE-070C-468F-95DE-4788DAACF0F0}.Release|Any CPU.Build.0 = Release|Any CPU
		{87AED49C-2ADB-416A-B576-E332E964DD6F}.Debug|Any CPU.ActiveCfg = Debug|Any CPU
		{87AED49C-2ADB-416A-B576-E332E964DD6F}.Debug|Any CPU.Build.0 = Debug|Any CPU
		{87AED49C-2ADB-416A-B576-E332E964DD6F}.Release|Any CPU.ActiveCfg = Release|Any CPU
		{87AED49C-2ADB-416A-B576-E332E964DD6F}.Release|Any CPU.Build.0 = Release|Any CPU
		{E5270BC0-081D-4BD4-903C-91DA047ED693}.Debug|Any CPU.ActiveCfg = Debug|Any CPU
		{E5270BC0-081D-4BD4-903C-91DA047ED693}.Debug|Any CPU.Build.0 = Debug|Any CPU
		{E5270BC0-081D-4BD4-903C-91DA047ED693}.Release|Any CPU.ActiveCfg = Release|Any CPU
		{E5270BC0-081D-4BD4-903C-91DA047ED693}.Release|Any CPU.Build.0 = Release|Any CPU
	EndGlobalSection
	GlobalSection(SolutionProperties) = preSolution
		HideSolutionNode = FALSE
	EndGlobalSection
	GlobalSection(NestedProjects) = preSolution
		{B5D05527-E09C-4C1B-A122-FEFBB86940CC} = {066F39AE-B4EC-4785-8F19-C8A62DA9F889}
		{3C99D7CE-070C-468F-95DE-4788DAACF0F0} = {7B1E2795-D462-414A-A4DE-47DF36A52C7E}
		{87AED49C-2ADB-416A-B576-E332E964DD6F} = {7B1E2795-D462-414A-A4DE-47DF36A52C7E}
		{E5270BC0-081D-4BD4-903C-91DA047ED693} = {0589688B-7DF4-4740-8660-789F053207EA}
	EndGlobalSection
	GlobalSection(ExtensibilityGlobals) = postSolution
		SolutionGuid = {EE157844-5B35-4A43-8246-8F18157436C6}
	EndGlobalSection
EndGlobal
